<?xml version="1.0" encoding="utf-8"?>
<Project ToolsVersion="4.0" xmlns="http://schemas.microsoft.com/developer/msbuild/2003">
  <ItemGroup>
    <Filter Include="源文件">
      <UniqueIdentifier>{4FC737F1-C7A5-4376-A066-2A32D752A2FF}</UniqueIdentifier>
      <Extensions>cpp;c;cc;cxx;def;odl;idl;hpj;bat;asm;asmx</Extensions>
    </Filter>
    <Filter Include="头文件">
      <UniqueIdentifier>{93995380-89BD-4b04-88EB-625FBE52EBFB}</UniqueIdentifier>
      <Extensions>h;hpp;hxx;hm;inl;inc;xsd</Extensions>
    </Filter>
    <Filter Include="资源文件">
      <UniqueIdentifier>{67DA6AB6-F800-4c08-8B7A-83BB121AAD01}</UniqueIdentifier>
      <Extensions>rc;ico;cur;bmp;dlg;rc2;rct;bin;rgs;gif;jpg;jpeg;jpe;resx;tiff;tif;png;wav;mfcribbon-ms</Extensions>
    </Filter>
  </ItemGroup>
  <ItemGroup>
    <None Include="ReadMe.txt" />
    <None Include="res\ROVControl.rc2">
      <Filter>资源文件</Filter>
    </None>
    <None Include="res\ROVControl.ico">
      <Filter>资源文件</Filter>
    </None>
    <None Include="res\icon1.ico">
      <Filter>资源文件</Filter>
    </None>
    <None Include="res\myicon.ico">
      <Filter>资源文件</Filter>
    </None>
    <None Include="res\hit.ico">
      <Filter>资源文件</Filter>
    </None>
  </ItemGroup>
  <ItemGroup>
    <ClInclude Include="ROVControl.h">
      <Filter>头文件</Filter>
    </ClInclude>
    <ClInclude Include="MainDlg.h">
      <Filter>头文件</Filter>
    </ClInclude>
    <ClInclude Include="stdafx.h">
      <Filter>头文件</Filter>
    </ClInclude>
    <ClInclude Include="targetver.h">
      <Filter>头文件</Filter>
    </ClInclude>
    <ClInclude Include="Resource.h">
      <Filter>头文件</Filter>
    </ClInclude>
    <ClInclude Include="TcpServeDlg.h">
      <Filter>头文件</Filter>
    </ClInclude>
    <ClInclude Include="GlobalVar.h">
      <Filter>头文件</Filter>
    </ClInclude>
    <ClInclude Include="chartofloat.h">
      <Filter>头文件</Filter>
    </ClInclude>
    <ClInclude Include="pid.h">
      <Filter>头文件</Filter>
    </ClInclude>
    <ClInclude Include="MotorTestDlg.h">
      <Filter>头文件</Filter>
    </ClInclude>
    <ClInclude Include="DIJoystick.h">
      <Filter>头文件</Filter>
    </ClInclude>
    <ClInclude Include="JoySickDlg.h">
      <Filter>头文件</Filter>
    </ClInclude>
    <ClInclude Include="LoginDlg.h">
      <Filter>头文件</Filter>
    </ClInclude>
    <ClInclude Include="HCNetSDK\DataType.h">
      <Filter>头文件</Filter>
    </ClInclude>
    <ClInclude Include="HCNetSDK\DecodeCardSdk.h">
      <Filter>头文件</Filter>
    </ClInclude>
    <ClInclude Include="HCNetSDK\HCNetSDK.h">
      <Filter>头文件</Filter>
    </ClInclude>
    <ClInclude Include="HCNetSDK\plaympeg4.h">
      <Filter>头文件</Filter>
    </ClInclude>
    <ClInclude Include="iangulargaugex1.h">
      <Filter>头文件</Filter>
    </ClInclude>
    <ClInclude Include="ilineargaugex1.h">
      <Filter>头文件</Filter>
    </ClInclude>
    <ClInclude Include="icompassx1.h">
      <Filter>头文件</Filter>
    </ClInclude>
    <ClInclude Include="PIDDlg.h">
      <Filter>头文件</Filter>
    </ClInclude>
    <ClInclude Include="iswitchled_deep.h">
      <Filter>头文件</Filter>
    </ClInclude>
    <ClInclude Include="LoadingDlg.h">
      <Filter>头文件</Filter>
    </ClInclude>
    <ClInclude Include="DlgResizeHelper.h">
      <Filter>头文件</Filter>
    </ClInclude>
    <ClInclude Include="iledarrow.h">
      <Filter>头文件</Filter>
    </ClInclude>
    <ClInclude Include="irotationdisplay.h">
      <Filter>头文件</Filter>
    </ClInclude>
    <ClInclude Include="PIDCurveDlg.h">
      <Filter>头文件</Filter>
    </ClInclude>
    <ClInclude Include="GetPidDlg.h">
      <Filter>头文件</Filter>
    </ClInclude>
    <ClInclude Include="SetPidDlg.h">
      <Filter>头文件</Filter>
    </ClInclude>
    <ClInclude Include="iPlotX\font.h">
      <Filter>头文件</Filter>
    </ClInclude>
    <ClInclude Include="iPlotX\iplotannotationx.h">
      <Filter>头文件</Filter>
    </ClInclude>
    <ClInclude Include="iPlotX\iplotaxisx.h">
      <Filter>头文件</Filter>
    </ClInclude>
    <ClInclude Include="iPlotX\iplotchannelx.h">
      <Filter>头文件</Filter>
    </ClInclude>
    <ClInclude Include="iPlotX\iplotdatacursorx.h">
      <Filter>头文件</Filter>
    </ClInclude>
    <ClInclude Include="iPlotX\iplotdataviewx.h">
      <Filter>头文件</Filter>
    </ClInclude>
    <ClInclude Include="iPlotX\iplotlabelx.h">
      <Filter>头文件</Filter>
    </ClInclude>
    <ClInclude Include="iPlotX\iplotlegendx.h">
      <Filter>头文件</Filter>
    </ClInclude>
    <ClInclude Include="iPlotX\iplotlimitx.h">
      <Filter>头文件</Filter>
    </ClInclude>
    <ClInclude Include="iPlotX\iplottoolbarx.h">
      <Filter>头文件</Filter>
    </ClInclude>
    <ClInclude Include="iPlotX\iplotx.h">
      <Filter>头文件</Filter>
    </ClInclude>
    <ClInclude Include="iPlotX\picture.h">
      <Filter>头文件</Filter>
    </ClInclude>
  </ItemGroup>
  <ItemGroup>
    <ClCompile Include="ROVControl.cpp">
      <Filter>源文件</Filter>
    </ClCompile>
    <ClCompile Include="MainDlg.cpp">
      <Filter>源文件</Filter>
    </ClCompile>
    <ClCompile Include="stdafx.cpp">
      <Filter>源文件</Filter>
    </ClCompile>
    <ClCompile Include="TcpServeDlg.cpp">
      <Filter>源文件</Filter>
    </ClCompile>
    <ClCompile Include="GlobalVar.cpp">
      <Filter>源文件</Filter>
    </ClCompile>
    <ClCompile Include="chartofloat.cpp">
      <Filter>源文件</Filter>
    </ClCompile>
    <ClCompile Include="pid.cpp">
      <Filter>源文件</Filter>
    </ClCompile>
    <ClCompile Include="MotorTestDlg.cpp">
      <Filter>源文件</Filter>
    </ClCompile>
    <ClCompile Include="DIJoystick.cpp">
      <Filter>源文件</Filter>
    </ClCompile>
    <ClCompile Include="JoySickDlg.cpp">
      <Filter>源文件</Filter>
    </ClCompile>
    <ClCompile Include="LoginDlg.cpp">
      <Filter>源文件</Filter>
    </ClCompile>
    <ClCompile Include="iangulargaugex1.cpp">
      <Filter>源文件</Filter>
    </ClCompile>
    <ClCompile Include="ilineargaugex1.cpp">
      <Filter>源文件</Filter>
    </ClCompile>
    <ClCompile Include="icompassx1.cpp">
      <Filter>源文件</Filter>
    </ClCompile>
    <ClCompile Include="PIDDlg.cpp">
      <Filter>源文件</Filter>
    </ClCompile>
    <ClCompile Include="iswitchled_deep.cpp">
      <Filter>源文件</Filter>
    </ClCompile>
    <ClCompile Include="LoadingDlg.cpp">
      <Filter>源文件</Filter>
    </ClCompile>
    <ClCompile Include="DlgResizeHelper.cpp">
      <Filter>源文件</Filter>
    </ClCompile>
    <ClCompile Include="iledarrow.cpp">
      <Filter>源文件</Filter>
    </ClCompile>
    <ClCompile Include="irotationdisplay.cpp">
      <Filter>源文件</Filter>
    </ClCompile>
    <ClCompile Include="PIDCurveDlg.cpp">
      <Filter>源文件</Filter>
    </ClCompile>
    <ClCompile Include="GetPidDlg.cpp">
      <Filter>源文件</Filter>
    </ClCompile>
    <ClCompile Include="SetPidDlg.cpp">
      <Filter>源文件</Filter>
    </ClCompile>
    <ClCompile Include="iPlotX\font.cpp">
      <Filter>源文件</Filter>
    </ClCompile>
    <ClCompile Include="iPlotX\iplotannotationx.cpp">
      <Filter>源文件</Filter>
    </ClCompile>
    <ClCompile Include="iPlotX\iplotaxisx.cpp">
      <Filter>源文件</Filter>
    </ClCompile>
    <ClCompile Include="iPlotX\iplotchannelx.cpp">
      <Filter>源文件</Filter>
    </ClCompile>
    <ClCompile Include="iPlotX\iplotdatacursorx.cpp">
      <Filter>源文件</Filter>
    </ClCompile>
    <ClCompile Include="iPlotX\iplotdataviewx.cpp">
      <Filter>源文件</Filter>
    </ClCompile>
    <ClCompile Include="iPlotX\iplotlabelx.cpp">
      <Filter>源文件</Filter>
    </ClCompile>
    <ClCompile Include="iPlotX\iplotlegendx.cpp">
      <Filter>源文件</Filter>
    </ClCompile>
    <ClCompile Include="iPlotX\iplotlimitx.cpp">
      <Filter>源文件</Filter>
    </ClCompile>
    <ClCompile Include="iPlotX\iplottoolbarx.cpp">
      <Filter>源文件</Filter>
    </ClCompile>
    <ClCompile Include="iPlotX\iplotx.cpp">
      <Filter>源文件</Filter>
    </ClCompile>
    <ClCompile Include="iPlotX\picture.cpp">
      <Filter>源文件</Filter>
    </ClCompile>
  </ItemGroup>
  <ItemGroup>
    <ResourceCompile Include="ROVControl.rc">
      <Filter>资源文件</Filter>
    </ResourceCompile>
  </ItemGroup>
  <ItemGroup>
    <Image Include="..\Debug\rov.png">
      <Filter>资源文件</Filter>
    </Image>
    <Image Include="..\Debug\rov.bmp">
      <Filter>资源文件</Filter>
    </Image>
    <Image Include="..\Debug\ROVICON.bmp">
      <Filter>资源文件</Filter>
    </Image>
    <Image Include="..\Debug\ico.ico">
      <Filter>资源文件</Filter>
    </Image>
    <Image Include="..\Debug\maidou.ico">
      <Filter>资源文件</Filter>
    </Image>
    <Image Include="..\..\setting.ico">
      <Filter>资源文件</Filter>
    </Image>
    <Image Include="res\setting.ico">
      <Filter>资源文件</Filter>
    </Image>
    <Image Include="res\ico.ico">
      <Filter>资源文件</Filter>
    </Image>
    <Image Include="res\maidou.ico">
      <Filter>资源文件</Filter>
    </Image>
    <Image Include="res\rov.png">
      <Filter>资源文件</Filter>
    </Image>
    <Image Include="res\rov.bmp">
      <Filter>资源文件</Filter>
    </Image>
    <Image Include="res\ROVICON.bmp">
      <Filter>资源文件</Filter>
    </Image>
  </ItemGroup>
</Project>